
Microsoft Visual Studio Solution File, Format Version 12.00
# Visual Studio Version 16
VisualStudioVersion = 16.0.30503.244
MinimumVisualStudioVersion = 10.0.40219.1
Project("{FAE04EC0-301F-11D3-BF4B-00C04F79EFBC}") = "IdadeEmDias", "IdadeEmDias\IdadeEmDias.csproj", "{8164FDF1-01D0-417F-AA82-359AF77B2E8A}"
EndProject
Global
	GlobalSection(SolutionConfigurationPlatforms) = preSolution
		Debug|Any CPU = Debug|Any CPU
		Release|Any CPU = Release|Any CPU
	EndGlobalSection
	GlobalSection(ProjectConfigurationPlatforms) = postSolution
		{8164FDF1-01D0-417F-AA82-359AF77B2E8A}.Debug|Any CPU.ActiveCfg = Debug|Any CPU
		{8164FDF1-01D0-417F-AA82-359AF77B2E8A}.Debug|Any CPU.Build.0 = Debug|Any CPU
		{8164FDF1-01D0-417F-AA82-359AF77B2E8A}.Release|Any CPU.ActiveCfg = Release|Any CPU
		{8164FDF1-01D0-417F-AA82-359AF77B2E8A}.Release|Any CPU.Build.0 = Release|Any CPU
	EndGlobalSection
	GlobalSection(SolutionProperties) = preSolution
		HideSolutionNode = FALSE
	EndGlobalSection
	GlobalSection(ExtensibilityGlobals) = postSolution
		SolutionGuid = {79C1C76A-FFB4-408B-9A14-28CC9571E24B}
	EndGlobalSection
EndGlobal
