
Microsoft Visual Studio Solution File, Format Version 12.00
# Visual Studio Version 16
VisualStudioVersion = 16.0.30503.244
MinimumVisualStudioVersion = 10.0.40219.1
Project("{FAE04EC0-301F-11D3-BF4B-00C04F79EFBC}") = "NumerosImpares", "NumerosImpares\NumerosImpares.csproj", "{132E4684-A033-4BE8-9A86-8E288BCF11AA}"
EndProject
Global
	GlobalSection(SolutionConfigurationPlatforms) = preSolution
		Debug|Any CPU = Debug|Any CPU
		Release|Any CPU = Release|Any CPU
	EndGlobalSection
	GlobalSection(ProjectConfigurationPlatforms) = postSolution
		{132E4684-A033-4BE8-9A86-8E288BCF11AA}.Debug|Any CPU.ActiveCfg = Debug|Any CPU
		{132E4684-A033-4BE8-9A86-8E288BCF11AA}.Debug|Any CPU.Build.0 = Debug|Any CPU
		{132E4684-A033-4BE8-9A86-8E288BCF11AA}.Release|Any CPU.ActiveCfg = Release|Any CPU
		{132E4684-A033-4BE8-9A86-8E288BCF11AA}.Release|Any CPU.Build.0 = Release|Any CPU
	EndGlobalSection
	GlobalSection(SolutionProperties) = preSolution
		HideSolutionNode = FALSE
	EndGlobalSection
	GlobalSection(ExtensibilityGlobals) = postSolution
		SolutionGuid = {2F2950A6-8843-4FC8-861F-01957A9DF36D}
	EndGlobalSection
EndGlobal
