
Microsoft Visual Studio Solution File, Format Version 12.00
# Visual Studio Version 16
VisualStudioVersion = 16.0.30503.244
MinimumVisualStudioVersion = 10.0.40219.1
Project("{FAE04EC0-301F-11D3-BF4B-00C04F79EFBC}") = "Diferenca", "Diferenca\Diferenca.csproj", "{982B1541-9B14-4A8E-97CB-D5CC0AE903A8}"
EndProject
Global
	GlobalSection(SolutionConfigurationPlatforms) = preSolution
		Debug|Any CPU = Debug|Any CPU
		Release|Any CPU = Release|Any CPU
	EndGlobalSection
	GlobalSection(ProjectConfigurationPlatforms) = postSolution
		{982B1541-9B14-4A8E-97CB-D5CC0AE903A8}.Debug|Any CPU.ActiveCfg = Debug|Any CPU
		{982B1541-9B14-4A8E-97CB-D5CC0AE903A8}.Debug|Any CPU.Build.0 = Debug|Any CPU
		{982B1541-9B14-4A8E-97CB-D5CC0AE903A8}.Release|Any CPU.ActiveCfg = Release|Any CPU
		{982B1541-9B14-4A8E-97CB-D5CC0AE903A8}.Release|Any CPU.Build.0 = Release|Any CPU
	EndGlobalSection
	GlobalSection(SolutionProperties) = preSolution
		HideSolutionNode = FALSE
	EndGlobalSection
	GlobalSection(ExtensibilityGlobals) = postSolution
		SolutionGuid = {7EE4AD28-D118-49F3-97FB-53764F94654B}
	EndGlobalSection
EndGlobal
