
Microsoft Visual Studio Solution File, Format Version 12.00
# Visual Studio Version 16
VisualStudioVersion = 16.0.30503.244
MinimumVisualStudioVersion = 10.0.40219.1
Project("{FAE04EC0-301F-11D3-BF4B-00C04F79EFBC}") = "Cedulas", "Cedulas\Cedulas.csproj", "{F7C7D5D0-DFF0-4C40-8FD1-965834247BD2}"
EndProject
Global
	GlobalSection(SolutionConfigurationPlatforms) = preSolution
		Debug|Any CPU = Debug|Any CPU
		Release|Any CPU = Release|Any CPU
	EndGlobalSection
	GlobalSection(ProjectConfigurationPlatforms) = postSolution
		{F7C7D5D0-DFF0-4C40-8FD1-965834247BD2}.Debug|Any CPU.ActiveCfg = Debug|Any CPU
		{F7C7D5D0-DFF0-4C40-8FD1-965834247BD2}.Debug|Any CPU.Build.0 = Debug|Any CPU
		{F7C7D5D0-DFF0-4C40-8FD1-965834247BD2}.Release|Any CPU.ActiveCfg = Release|Any CPU
		{F7C7D5D0-DFF0-4C40-8FD1-965834247BD2}.Release|Any CPU.Build.0 = Release|Any CPU
	EndGlobalSection
	GlobalSection(SolutionProperties) = preSolution
		HideSolutionNode = FALSE
	EndGlobalSection
	GlobalSection(ExtensibilityGlobals) = postSolution
		SolutionGuid = {4D379585-74A7-41B9-8579-FB2905B184FF}
	EndGlobalSection
EndGlobal
