
Microsoft Visual Studio Solution File, Format Version 12.00
# Visual Studio Version 16
VisualStudioVersion = 16.0.30503.244
MinimumVisualStudioVersion = 10.0.40219.1
Project("{FAE04EC0-301F-11D3-BF4B-00C04F79EFBC}") = "SequenciasCrescentes", "SequenciasCrescentes\SequenciasCrescentes.csproj", "{CA8676FB-D080-4424-A7E7-997246B0B070}"
EndProject
Global
	GlobalSection(SolutionConfigurationPlatforms) = preSolution
		Debug|Any CPU = Debug|Any CPU
		Release|Any CPU = Release|Any CPU
	EndGlobalSection
	GlobalSection(ProjectConfigurationPlatforms) = postSolution
		{CA8676FB-D080-4424-A7E7-997246B0B070}.Debug|Any CPU.ActiveCfg = Debug|Any CPU
		{CA8676FB-D080-4424-A7E7-997246B0B070}.Debug|Any CPU.Build.0 = Debug|Any CPU
		{CA8676FB-D080-4424-A7E7-997246B0B070}.Release|Any CPU.ActiveCfg = Release|Any CPU
		{CA8676FB-D080-4424-A7E7-997246B0B070}.Release|Any CPU.Build.0 = Release|Any CPU
	EndGlobalSection
	GlobalSection(SolutionProperties) = preSolution
		HideSolutionNode = FALSE
	EndGlobalSection
	GlobalSection(ExtensibilityGlobals) = postSolution
		SolutionGuid = {4766ABAD-6524-4016-AF9A-4A33CF118010}
	EndGlobalSection
EndGlobal
