
Microsoft Visual Studio Solution File, Format Version 12.00
# Visual Studio Version 16
VisualStudioVersion = 16.0.30503.244
MinimumVisualStudioVersion = 10.0.40219.1
Project("{FAE04EC0-301F-11D3-BF4B-00C04F79EFBC}") = "MaiorNumero", "MaiorNumero\MaiorNumero.csproj", "{B647BDF2-F9E1-4543-9D77-E9DD1B18CF3E}"
EndProject
Global
	GlobalSection(SolutionConfigurationPlatforms) = preSolution
		Debug|Any CPU = Debug|Any CPU
		Release|Any CPU = Release|Any CPU
	EndGlobalSection
	GlobalSection(ProjectConfigurationPlatforms) = postSolution
		{B647BDF2-F9E1-4543-9D77-E9DD1B18CF3E}.Debug|Any CPU.ActiveCfg = Debug|Any CPU
		{B647BDF2-F9E1-4543-9D77-E9DD1B18CF3E}.Debug|Any CPU.Build.0 = Debug|Any CPU
		{B647BDF2-F9E1-4543-9D77-E9DD1B18CF3E}.Release|Any CPU.ActiveCfg = Release|Any CPU
		{B647BDF2-F9E1-4543-9D77-E9DD1B18CF3E}.Release|Any CPU.Build.0 = Release|Any CPU
	EndGlobalSection
	GlobalSection(SolutionProperties) = preSolution
		HideSolutionNode = FALSE
	EndGlobalSection
	GlobalSection(ExtensibilityGlobals) = postSolution
		SolutionGuid = {BD60B2B8-A899-40EA-B1A5-1D854E654106}
	EndGlobalSection
EndGlobal
