
Microsoft Visual Studio Solution File, Format Version 12.00
# Visual Studio Version 16
VisualStudioVersion = 16.0.30503.244
MinimumVisualStudioVersion = 10.0.40219.1
Project("{FAE04EC0-301F-11D3-BF4B-00C04F79EFBC}") = "Resto2", "Resto2\Resto2.csproj", "{55558E04-8DD9-4DF2-BC2B-CC240D62EC68}"
EndProject
Global
	GlobalSection(SolutionConfigurationPlatforms) = preSolution
		Debug|Any CPU = Debug|Any CPU
		Release|Any CPU = Release|Any CPU
	EndGlobalSection
	GlobalSection(ProjectConfigurationPlatforms) = postSolution
		{55558E04-8DD9-4DF2-BC2B-CC240D62EC68}.Debug|Any CPU.ActiveCfg = Debug|Any CPU
		{55558E04-8DD9-4DF2-BC2B-CC240D62EC68}.Debug|Any CPU.Build.0 = Debug|Any CPU
		{55558E04-8DD9-4DF2-BC2B-CC240D62EC68}.Release|Any CPU.ActiveCfg = Release|Any CPU
		{55558E04-8DD9-4DF2-BC2B-CC240D62EC68}.Release|Any CPU.Build.0 = Release|Any CPU
	EndGlobalSection
	GlobalSection(SolutionProperties) = preSolution
		HideSolutionNode = FALSE
	EndGlobalSection
	GlobalSection(ExtensibilityGlobals) = postSolution
		SolutionGuid = {C8C88DD7-A451-4148-BAB8-C0B1B9181DDB}
	EndGlobalSection
EndGlobal
