
Microsoft Visual Studio Solution File, Format Version 12.00
# Visual Studio Version 16
VisualStudioVersion = 16.0.30503.244
MinimumVisualStudioVersion = 10.0.40219.1
Project("{FAE04EC0-301F-11D3-BF4B-00C04F79EFBC}") = "TempoDeJogo", "TempoDeJogo\TempoDeJogo.csproj", "{499A36CD-E149-42A2-ABB5-4A77329E3C24}"
EndProject
Global
	GlobalSection(SolutionConfigurationPlatforms) = preSolution
		Debug|Any CPU = Debug|Any CPU
		Release|Any CPU = Release|Any CPU
	EndGlobalSection
	GlobalSection(ProjectConfigurationPlatforms) = postSolution
		{499A36CD-E149-42A2-ABB5-4A77329E3C24}.Debug|Any CPU.ActiveCfg = Debug|Any CPU
		{499A36CD-E149-42A2-ABB5-4A77329E3C24}.Debug|Any CPU.Build.0 = Debug|Any CPU
		{499A36CD-E149-42A2-ABB5-4A77329E3C24}.Release|Any CPU.ActiveCfg = Release|Any CPU
		{499A36CD-E149-42A2-ABB5-4A77329E3C24}.Release|Any CPU.Build.0 = Release|Any CPU
	EndGlobalSection
	GlobalSection(SolutionProperties) = preSolution
		HideSolutionNode = FALSE
	EndGlobalSection
	GlobalSection(ExtensibilityGlobals) = postSolution
		SolutionGuid = {A5F92C43-22BE-4146-AD53-5BC0B2107A28}
	EndGlobalSection
EndGlobal
