
Microsoft Visual Studio Solution File, Format Version 12.00
# Visual Studio Version 16
VisualStudioVersion = 16.0.30503.244
MinimumVisualStudioVersion = 10.0.40219.1
Project("{FAE04EC0-301F-11D3-BF4B-00C04F79EFBC}") = "DistanciaEntreDoisPontos", "DistanciaEntreDoisPontos\DistanciaEntreDoisPontos.csproj", "{206F90B1-5A95-4102-A4E6-6F69E6B6F1C9}"
EndProject
Global
	GlobalSection(SolutionConfigurationPlatforms) = preSolution
		Debug|Any CPU = Debug|Any CPU
		Release|Any CPU = Release|Any CPU
	EndGlobalSection
	GlobalSection(ProjectConfigurationPlatforms) = postSolution
		{206F90B1-5A95-4102-A4E6-6F69E6B6F1C9}.Debug|Any CPU.ActiveCfg = Debug|Any CPU
		{206F90B1-5A95-4102-A4E6-6F69E6B6F1C9}.Debug|Any CPU.Build.0 = Debug|Any CPU
		{206F90B1-5A95-4102-A4E6-6F69E6B6F1C9}.Release|Any CPU.ActiveCfg = Release|Any CPU
		{206F90B1-5A95-4102-A4E6-6F69E6B6F1C9}.Release|Any CPU.Build.0 = Release|Any CPU
	EndGlobalSection
	GlobalSection(SolutionProperties) = preSolution
		HideSolutionNode = FALSE
	EndGlobalSection
	GlobalSection(ExtensibilityGlobals) = postSolution
		SolutionGuid = {68D1AF8D-E16E-4511-BC73-77FC0BEAB623}
	EndGlobalSection
EndGlobal
