
Microsoft Visual Studio Solution File, Format Version 12.00
# Visual Studio Version 16
VisualStudioVersion = 16.0.30503.244
MinimumVisualStudioVersion = 10.0.40219.1
Project("{FAE04EC0-301F-11D3-BF4B-00C04F79EFBC}") = "MaiorEPosicao", "MaiorEPosicao\MaiorEPosicao.csproj", "{81920D64-25E0-4592-A5C2-2B8176E561EA}"
EndProject
Global
	GlobalSection(SolutionConfigurationPlatforms) = preSolution
		Debug|Any CPU = Debug|Any CPU
		Release|Any CPU = Release|Any CPU
	EndGlobalSection
	GlobalSection(ProjectConfigurationPlatforms) = postSolution
		{81920D64-25E0-4592-A5C2-2B8176E561EA}.Debug|Any CPU.ActiveCfg = Debug|Any CPU
		{81920D64-25E0-4592-A5C2-2B8176E561EA}.Debug|Any CPU.Build.0 = Debug|Any CPU
		{81920D64-25E0-4592-A5C2-2B8176E561EA}.Release|Any CPU.ActiveCfg = Release|Any CPU
		{81920D64-25E0-4592-A5C2-2B8176E561EA}.Release|Any CPU.Build.0 = Release|Any CPU
	EndGlobalSection
	GlobalSection(SolutionProperties) = preSolution
		HideSolutionNode = FALSE
	EndGlobalSection
	GlobalSection(ExtensibilityGlobals) = postSolution
		SolutionGuid = {5FFAA22B-129E-43B2-BEE4-1530299F8122}
	EndGlobalSection
EndGlobal
