
Microsoft Visual Studio Solution File, Format Version 12.00
# Visual Studio Version 16
VisualStudioVersion = 16.0.30503.244
MinimumVisualStudioVersion = 10.0.40219.1
Project("{FAE04EC0-301F-11D3-BF4B-00C04F79EFBC}") = "Triangulo", "Triangulo\Triangulo.csproj", "{AC6DB333-0772-4B75-BBAF-9E45932E93A8}"
EndProject
Global
	GlobalSection(SolutionConfigurationPlatforms) = preSolution
		Debug|Any CPU = Debug|Any CPU
		Release|Any CPU = Release|Any CPU
	EndGlobalSection
	GlobalSection(ProjectConfigurationPlatforms) = postSolution
		{AC6DB333-0772-4B75-BBAF-9E45932E93A8}.Debug|Any CPU.ActiveCfg = Debug|Any CPU
		{AC6DB333-0772-4B75-BBAF-9E45932E93A8}.Debug|Any CPU.Build.0 = Debug|Any CPU
		{AC6DB333-0772-4B75-BBAF-9E45932E93A8}.Release|Any CPU.ActiveCfg = Release|Any CPU
		{AC6DB333-0772-4B75-BBAF-9E45932E93A8}.Release|Any CPU.Build.0 = Release|Any CPU
	EndGlobalSection
	GlobalSection(SolutionProperties) = preSolution
		HideSolutionNode = FALSE
	EndGlobalSection
	GlobalSection(ExtensibilityGlobals) = postSolution
		SolutionGuid = {54FB6155-FB38-4A04-97AE-F58B7F3D7F18}
	EndGlobalSection
EndGlobal
