
Microsoft Visual Studio Solution File, Format Version 12.00
# Visual Studio Version 16
VisualStudioVersion = 16.0.30503.244
MinimumVisualStudioVersion = 10.0.40219.1
Project("{FAE04EC0-301F-11D3-BF4B-00C04F79EFBC}") = "ImpostoDeRenda", "ImpostoDeRenda\ImpostoDeRenda.csproj", "{FEEB7120-E77C-40BE-A003-73082C508340}"
EndProject
Global
	GlobalSection(SolutionConfigurationPlatforms) = preSolution
		Debug|Any CPU = Debug|Any CPU
		Release|Any CPU = Release|Any CPU
	EndGlobalSection
	GlobalSection(ProjectConfigurationPlatforms) = postSolution
		{FEEB7120-E77C-40BE-A003-73082C508340}.Debug|Any CPU.ActiveCfg = Debug|Any CPU
		{FEEB7120-E77C-40BE-A003-73082C508340}.Debug|Any CPU.Build.0 = Debug|Any CPU
		{FEEB7120-E77C-40BE-A003-73082C508340}.Release|Any CPU.ActiveCfg = Release|Any CPU
		{FEEB7120-E77C-40BE-A003-73082C508340}.Release|Any CPU.Build.0 = Release|Any CPU
	EndGlobalSection
	GlobalSection(SolutionProperties) = preSolution
		HideSolutionNode = FALSE
	EndGlobalSection
	GlobalSection(ExtensibilityGlobals) = postSolution
		SolutionGuid = {5AD9F6CE-EB32-4D6F-9C37-84DE1D97F819}
	EndGlobalSection
EndGlobal
